
Microsoft Visual Studio Solution File, Format Version 12.00
# Visual Studio 15
VisualStudioVersion = 15.0.27703.2018
MinimumVisualStudioVersion = 10.0.40219.1
Project("{FAE04EC0-301F-11D3-BF4B-00C04F79EFBC}") = "SolidApp", "SolidApp\SolidApp.csproj", "{ECD30CFE-ACB7-45F8-BB25-654D3744771B}"
EndProject
Global
	GlobalSection(SolutionConfigurationPlatforms) = preSolution
		Debug|Any CPU = Debug|Any CPU
		Release|Any CPU = Release|Any CPU
	EndGlobalSection
	GlobalSection(ProjectConfigurationPlatforms) = postSolution
		{ECD30CFE-ACB7-45F8-BB25-654D3744771B}.Debug|Any CPU.ActiveCfg = Debug|Any CPU
		{ECD30CFE-ACB7-45F8-BB25-654D3744771B}.Debug|Any CPU.Build.0 = Debug|Any CPU
		{ECD30CFE-ACB7-45F8-BB25-654D3744771B}.Release|Any CPU.ActiveCfg = Release|Any CPU
		{ECD30CFE-ACB7-45F8-BB25-654D3744771B}.Release|Any CPU.Build.0 = Release|Any CPU
	EndGlobalSection
	GlobalSection(SolutionProperties) = preSolution
		HideSolutionNode = FALSE
	EndGlobalSection
	GlobalSection(ExtensibilityGlobals) = postSolution
		SolutionGuid = {F8980785-9796-425E-8902-0697E9265020}
	EndGlobalSection
EndGlobal
